// !$*UTF8*$!
{
	archiveVersion = 1;
	classes = {
	};
	objectVersion = 50;
	objects = {

/* Begin PBXBuildFile section */
		7CEDAC0D240DFD96008779B2 /* AppDelegate.m in Sources */ = {isa = PBXBuildFile; fileRef = 7CEDAC0C240DFD96008779B2 /* AppDelegate.m */; };
		7CEDAC10240DFD96008779B2 /* SceneDelegate.m in Sources */ = {isa = PBXBuildFile; fileRef = 7CEDAC0F240DFD96008779B2 /* SceneDelegate.m */; };
		7CEDAC13240DFD96008779B2 /* ViewController.m in Sources */ = {isa = PBXBuildFile; fileRef = 7CEDAC12240DFD96008779B2 /* ViewController.m */; };
		7CEDAC16240DFD96008779B2 /* Main.storyboard in Resources */ = {isa = PBXBuildFile; fileRef = 7CEDAC14240DFD96008779B2 /* Main.storyboard */; };
		7CEDAC18240DFD96008779B2 /* Assets.xcassets in Resources */ = {isa = PBXBuildFile; fileRef = 7CEDAC17240DFD96008779B2 /* Assets.xcassets */; };
		7CEDAC1B240DFD96008779B2 /* LaunchScreen.storyboard in Resources */ = {isa = PBXBuildFile; fileRef = 7CEDAC19240DFD96008779B2 /* LaunchScreen.storyboard */; };
		7CEDAC1E240DFD96008779B2 /* main.m in Sources */ = {isa = PBXBuildFile; fileRef = 7CEDAC1D240DFD96008779B2 /* main.m */; };
		7CEDAC6B240E3005008779B2 /* UIButton+CategoryButton.m in Sources */ = {isa = PBXBuildFile; fileRef = 7CEDAC6A240E3005008779B2 /* UIButton+CategoryButton.m */; };
		7CEDAC6E240E3C99008779B2 /* UIColor+Layout.m in Sources */ = {isa = PBXBuildFile; fileRef = 7CEDAC6D240E3C99008779B2 /* UIColor+Layout.m */; };
/* End PBXBuildFile section */

/* Begin PBXFileReference section */
		7CEDAC08240DFD96008779B2 /* #8 Class.app */ = {isa = PBXFileReference; explicitFileType = wrapper.application; includeInIndex = 0; path = "#8 Class.app"; sourceTree = BUILT_PRODUCTS_DIR; };
		7CEDAC0B240DFD96008779B2 /* AppDelegate.h */ = {isa = PBXFileReference; lastKnownFileType = sourcecode.c.h; path = AppDelegate.h; sourceTree = "<group>"; };
		7CEDAC0C240DFD96008779B2 /* AppDelegate.m */ = {isa = PBXFileReference; lastKnownFileType = sourcecode.c.objc; path = AppDelegate.m; sourceTree = "<group>"; };
		7CEDAC0E240DFD96008779B2 /* SceneDelegate.h */ = {isa = PBXFileReference; lastKnownFileType = sourcecode.c.h; path = SceneDelegate.h; sourceTree = "<group>"; };
		7CEDAC0F240DFD96008779B2 /* SceneDelegate.m */ = {isa = PBXFileReference; lastKnownFileType = sourcecode.c.objc; path = SceneDelegate.m; sourceTree = "<group>"; };
		7CEDAC11240DFD96008779B2 /* ViewController.h */ = {isa = PBXFileReference; lastKnownFileType = sourcecode.c.h; path = ViewController.h; sourceTree = "<group>"; };
		7CEDAC12240DFD96008779B2 /* ViewController.m */ = {isa = PBXFileReference; lastKnownFileType = sourcecode.c.objc; path = ViewController.m; sourceTree = "<group>"; };
		7CEDAC15240DFD96008779B2 /* Base */ = {isa = PBXFileReference; lastKnownFileType = file.storyboard; name = Base; path = Base.lproj/Main.storyboard; sourceTree = "<group>"; };
		7CEDAC17240DFD96008779B2 /* Assets.xcassets */ = {isa = PBXFileReference; lastKnownFileType = folder.assetcatalog; path = Assets.xcassets; sourceTree = "<group>"; };
		7CEDAC1A240DFD96008779B2 /* Base */ = {isa = PBXFileReference; lastKnownFileType = file.storyboard; name = Base; path = Base.lproj/LaunchScreen.storyboard; sourceTree = "<group>"; };
		7CEDAC1C240DFD96008779B2 /* Info.plist */ = {isa = PBXFileReference; lastKnownFileType = text.plist.xml; path = Info.plist; sourceTree = "<group>"; };
		7CEDAC1D240DFD96008779B2 /* main.m */ = {isa = PBXFileReference; lastKnownFileType = sourcecode.c.objc; path = main.m; sourceTree = "<group>"; };
		7CEDAC69240E3005008779B2 /* UIButton+CategoryButton.h */ = {isa = PBXFileReference; lastKnownFileType = sourcecode.c.h; path = "UIButton+CategoryButton.h"; sourceTree = "<group>"; };
		7CEDAC6A240E3005008779B2 /* UIButton+CategoryButton.m */ = {isa = PBXFileReference; lastKnownFileType = sourcecode.c.objc; path = "UIButton+CategoryButton.m"; sourceTree = "<group>"; };
		7CEDAC6C240E3C98008779B2 /* UIColor+Layout.h */ = {isa = PBXFileReference; lastKnownFileType = sourcecode.c.h; path = "UIColor+Layout.h"; sourceTree = "<group>"; };
		7CEDAC6D240E3C99008779B2 /* UIColor+Layout.m */ = {isa = PBXFileReference; lastKnownFileType = sourcecode.c.objc; path = "UIColor+Layout.m"; sourceTree = "<group>"; };
/* End PBXFileReference section */

/* Begin PBXFrameworksBuildPhase section */
		7CEDAC05240DFD96008779B2 /* Frameworks */ = {
			isa = PBXFrameworksBuildPhase;
			buildActionMask = 2147483647;
			files = (
			);
			runOnlyForDeploymentPostprocessing = 0;
		};
/* End PBXFrameworksBuildPhase section */

/* Begin PBXGroup section */
		7CEDABFF240DFD96008779B2 = {
			isa = PBXGroup;
			children = (
				7CEDAC0A240DFD96008779B2 /* #8 Class */,
				7CEDAC09240DFD96008779B2 /* Products */,
			);
			sourceTree = "<group>";
		};
		7CEDAC09240DFD96008779B2 /* Products */ = {
			isa = PBXGroup;
			children = (
				7CEDAC08240DFD96008779B2 /* #8 Class.app */,
			);
			name = Products;
			sourceTree = "<group>";
		};
		7CEDAC0A240DFD96008779B2 /* #8 Class */ = {
			isa = PBXGroup;
			children = (
				7CEDAC0B240DFD96008779B2 /* AppDelegate.h */,
				7CEDAC0C240DFD96008779B2 /* AppDelegate.m */,
				7CEDAC0E240DFD96008779B2 /* SceneDelegate.h */,
				7CEDAC0F240DFD96008779B2 /* SceneDelegate.m */,
				7CEDAC11240DFD96008779B2 /* ViewController.h */,
				7CEDAC12240DFD96008779B2 /* ViewController.m */,
				7CEDAC69240E3005008779B2 /* UIButton+CategoryButton.h */,
				7CEDAC6A240E3005008779B2 /* UIButton+CategoryButton.m */,
				7CEDAC6C240E3C98008779B2 /* UIColor+Layout.h */,
				7CEDAC6D240E3C99008779B2 /* UIColor+Layout.m */,
				7CEDAC14240DFD96008779B2 /* Main.storyboard */,
				7CEDAC17240DFD96008779B2 /* Assets.xcassets */,
				7CEDAC19240DFD96008779B2 /* LaunchScreen.storyboard */,
				7CEDAC1C240DFD96008779B2 /* Info.plist */,
				7CEDAC1D240DFD96008779B2 /* main.m */,
			);
			path = "#8 Class";
			sourceTree = "<group>";
		};
/* End PBXGroup section */

/* Begin PBXNativeTarget section */
		7CEDAC07240DFD96008779B2 /* #8 Class */ = {
			isa = PBXNativeTarget;
			buildConfigurationList = 7CEDAC21240DFD96008779B2 /* Build configuration list for PBXNativeTarget "#8 Class" */;
			buildPhases = (
				7CEDAC04240DFD96008779B2 /* Sources */,
				7CEDAC05240DFD96008779B2 /* Frameworks */,
				7CEDAC06240DFD96008779B2 /* Resources */,
			);
			buildRules = (
			);
			dependencies = (
			);
			name = "#8 Class";
			productName = "#8 Class";
			productReference = 7CEDAC08240DFD96008779B2 /* #8 Class.app */;
			productType = "com.apple.product-type.application";
		};
/* End PBXNativeTarget section */

/* Begin PBXProject section */
		7CEDAC00240DFD96008779B2 /* Project object */ = {
			isa = PBXProject;
			attributes = {
				LastUpgradeCheck = 1130;
				ORGANIZATIONNAME = "ES711-apple-2";
				TargetAttributes = {
					7CEDAC07240DFD96008779B2 = {
						CreatedOnToolsVersion = 11.3.1;
					};
				};
			};
			buildConfigurationList = 7CEDAC03240DFD96008779B2 /* Build configuration list for PBXProject "#8 Class" */;
			compatibilityVersion = "Xcode 9.3";
			developmentRegion = en;
			hasScannedForEncodings = 0;
			knownRegions = (
				en,
				Base,
			);
			mainGroup = 7CEDABFF240DFD96008779B2;
			productRefGroup = 7CEDAC09240DFD96008779B2 /* Products */;
			projectDirPath = "";
			projectRoot = "";
			targets = (
				7CEDAC07240DFD96008779B2 /* #8 Class */,
			);
		};
/* End PBXProject section */

/* Begin PBXResourcesBuildPhase section */
		7CEDAC06240DFD96008779B2 /* Resources */ = {
			isa = PBXResourcesBuildPhase;
			buildActionMask = 2147483647;
			files = (
				7CEDAC1B240DFD96008779B2 /* LaunchScreen.storyboard in Resources */,
				7CEDAC18240DFD96008779B2 /* Assets.xcassets in Resources */,
				7CEDAC16240DFD96008779B2 /* Main.storyboard in Resources */,
			);
			runOnlyForDeploymentPostprocessing = 0;
		};
/* End PBXResourcesBuildPhase section */

/* Begin PBXSourcesBuildPhase section */
		7CEDAC04240DFD96008779B2 /* Sources */ = {
			isa = PBXSourcesBuildPhase;
			buildActionMask = 2147483647;
			files = (
				7CEDAC13240DFD96008779B2 /* ViewController.m in Sources */,
				7CEDAC6B240E3005008779B2 /* UIButton+CategoryButton.m in Sources */,
				7CEDAC0D240DFD96008779B2 /* AppDelegate.m in Sources */,
				7CEDAC1E240DFD96008779B2 /* main.m in Sources */,
				7CEDAC10240DFD96008779B2 /* SceneDelegate.m in Sources */,
				7CEDAC6E240E3C99008779B2 /* UIColor+Layout.m in Sources */,
			);
			runOnlyForDeploymentPostprocessing = 0;
		};
/* End PBXSourcesBuildPhase section */

/* Begin PBXVariantGroup section */
		7CEDAC14240DFD96008779B2 /* Main.storyboard */ = {
			isa = PBXVariantGroup;
			children = (
				7CEDAC15240DFD96008779B2 /* Base */,
			);
			name = Main.storyboard;
			sourceTree = "<group>";
		};
		7CEDAC19240DFD96008779B2 /* LaunchScreen.storyboard */ = {
			isa = PBXVariantGroup;
			children = (
				7CEDAC1A240DFD96008779B2 /* Base */,
			);
			name = LaunchScreen.storyboard;
			sourceTree = "<group>";
		};
/* End PBXVariantGroup section */

/* Begin XCBuildConfiguration section */
		7CEDAC1F240DFD96008779B2 /* Debug */ = {
			isa = XCBuildConfiguration;
			buildSettings = {
				ALWAYS_SEARCH_USER_PATHS = NO;
				CLANG_ANALYZER_NONNULL = YES;
				CLANG_ANALYZER_NUMBER_OBJECT_CONVERSION = YES_AGGRESSIVE;
				CLANG_CXX_LANGUAGE_STANDARD = "gnu++14";
				CLANG_CXX_LIBRARY = "libc++";
				CLANG_ENABLE_MODULES = YES;
				CLANG_ENABLE_OBJC_ARC = YES;
				CLANG_ENABLE_OBJC_WEAK = YES;
				CLANG_WARN_BLOCK_CAPTURE_AUTORELEASING = YES;
				CLANG_WARN_BOOL_CONVERSION = YES;
				CLANG_WARN_COMMA = YES;
				CLANG_WARN_CONSTANT_CONVERSION = YES;
				CLANG_WARN_DEPRECATED_OBJC_IMPLEMENTATIONS = YES;
				CLANG_WARN_DIRECT_OBJC_ISA_USAGE = YES_ERROR;
				CLANG_WARN_DOCUMENTATION_COMMENTS = YES;
				CLANG_WARN_EMPTY_BODY = YES;
				CLANG_WARN_ENUM_CONVERSION = YES;
				CLANG_WARN_INFINITE_RECURSION = YES;
				CLANG_WARN_INT_CONVERSION = YES;
				CLANG_WARN_NON_LITERAL_NULL_CONVERSION = YES;
				CLANG_WARN_OBJC_IMPLICIT_RETAIN_SELF = YES;
				CLANG_WARN_OBJC_LITERAL_CONVERSION = YES;
				CLANG_WARN_OBJC_ROOT_CLASS = YES_ERROR;
				CLANG_WARN_RANGE_LOOP_ANALYSIS = YES;
				CLANG_WARN_STRICT_PROTOTYPES = YES;
				CLANG_WARN_SUSPICIOUS_MOVE = YES;
				CLANG_WARN_UNGUARDED_AVAILABILITY = YES_AGGRESSIVE;
				CLANG_WARN_UNREACHABLE_CODE = YES;
				CLANG_WARN__DUPLICATE_METHOD_MATCH = YES;
				COPY_PHASE_STRIP = NO;
				DEBUG_INFORMATION_FORMAT = dwarf;
				ENABLE_STRICT_OBJC_MSGSEND = YES;
				ENABLE_TESTABILITY = YES;
				GCC_C_LANGUAGE_STANDARD = gnu11;
				GCC_DYNAMIC_NO_PIC = NO;
				GCC_NO_COMMON_BLOCKS = YES;
				GCC_OPTIMIZATION_LEVEL = 0;
				GCC_PREPROCESSOR_DEFINITIONS = (
					"DEBUG=1",
					"$(inherited)",
				);
				GCC_WARN_64_TO_32_BIT_CONVERSION = YES;
				GCC_WARN_ABOUT_RETURN_TYPE = YES_ERROR;
				GCC_WARN_UNDECLARED_SELECTOR = YES;
				GCC_WARN_UNINITIALIZED_AUTOS = YES_AGGRESSIVE;
				GCC_WARN_UNUSED_FUNCTION = YES;
				GCC_WARN_UNUSED_VARIABLE = YES;
				IPHONEOS_DEPLOYMENT_TARGET = 13.2;
				MTL_ENABLE_DEBUG_INFO = INCLUDE_SOURCE;
				MTL_FAST_MATH = YES;
				ONLY_ACTIVE_ARCH = YES;
				SDKROOT = iphoneos;
			};
			name = Debug;
		};
		7CEDAC20240DFD96008779B2 /* Release */ = {
			isa = XCBuildConfiguration;
			buildSettings = {
				ALWAYS_SEARCH_USER_PATHS = NO;
				CLANG_ANALYZER_NONNULL = YES;
				CLANG_ANALYZER_NUMBER_OBJECT_CONVERSION = YES_AGGRESSIVE;
				CLANG_CXX_LANGUAGE_STANDARD = "gnu++14";
				CLANG_CXX_LIBRARY = "libc++";
				CLANG_ENABLE_MODULES = YES;
				CLANG_ENABLE_OBJC_ARC = YES;
				CLANG_ENABLE_OBJC_WEAK = YES;
				CLANG_WARN_BLOCK_CAPTURE_AUTORELEASING = YES;
				CLANG_WARN_BOOL_CONVERSION = YES;
				CLANG_WARN_COMMA = YES;
				CLANG_WARN_CONSTANT_CONVERSION = YES;
				CLANG_WARN_DEPRECATED_OBJC_IMPLEMENTATIONS = YES;
				CLANG_WARN_DIRECT_OBJC_ISA_USAGE = YES_ERROR;
				CLANG_WARN_DOCUMENTATION_COMMENTS = YES;
				CLANG_WARN_EMPTY_BODY = YES;
				CLANG_WARN_ENUM_CONVERSION = YES;
				CLANG_WARN_INFINITE_RECURSION = YES;
				CLANG_WARN_INT_CONVERSION = YES;
				CLANG_WARN_NON_LITERAL_NULL_CONVERSION = YES;
				CLANG_WARN_OBJC_IMPLICIT_RETAIN_SELF = YES;
				CLANG_WARN_OBJC_LITERAL_CONVERSION = YES;
				CLANG_WARN_OBJC_ROOT_CLASS = YES_ERROR;
				CLANG_WARN_RANGE_LOOP_ANALYSIS = YES;
				CLANG_WARN_STRICT_PROTOTYPES = YES;
				CLANG_WARN_SUSPICIOUS_MOVE = YES;
				CLANG_WARN_UNGUARDED_AVAILABILITY = YES_AGGRESSIVE;
				CLANG_WARN_UNREACHABLE_CODE = YES;
				CLANG_WARN__DUPLICATE_METHOD_MATCH = YES;
				COPY_PHASE_STRIP = NO;
				DEBUG_INFORMATION_FORMAT = "dwarf-with-dsym";
				ENABLE_NS_ASSERTIONS = NO;
				ENABLE_STRICT_OBJC_MSGSEND = YES;
				GCC_C_LANGUAGE_STANDARD = gnu11;
				GCC_NO_COMMON_BLOCKS = YES;
				GCC_WARN_64_TO_32_BIT_CONVERSION = YES;
				GCC_WARN_ABOUT_RETURN_TYPE = YES_ERROR;
				GCC_WARN_UNDECLARED_SELECTOR = YES;
				GCC_WARN_UNINITIALIZED_AUTOS = YES_AGGRESSIVE;
				GCC_WARN_UNUSED_FUNCTION = YES;
				GCC_WARN_UNUSED_VARIABLE = YES;
				IPHONEOS_DEPLOYMENT_TARGET = 13.2;
				MTL_ENABLE_DEBUG_INFO = NO;
				MTL_FAST_MATH = YES;
				SDKROOT = iphoneos;
				VALIDATE_PRODUCT = YES;
			};
			name = Release;
		};
		7CEDAC22240DFD96008779B2 /* Debug */ = {
			isa = XCBuildConfiguration;
			buildSettings = {
				ASSETCATALOG_COMPILER_APPICON_NAME = AppIcon;
				CODE_SIGN_STYLE = Automatic;
				DEVELOPMENT_TEAM = R2WA88VZ6Q;
				INFOPLIST_FILE = "#8 Class/Info.plist";
				LD_RUNPATH_SEARCH_PATHS = (
					"$(inherited)",
					"@executable_path/Frameworks",
				);
				PRODUCT_BUNDLE_IDENTIFIER = "com.yuntech.john.-8-Class";
				PRODUCT_NAME = "$(TARGET_NAME)";
				TARGETED_DEVICE_FAMILY = "1,2";
			};
			name = Debug;
		};
		7CEDAC23240DFD96008779B2 /* Release */ = {
			isa = XCBuildConfiguration;
			buildSettings = {
				ASSETCATALOG_COMPILER_APPICON_NAME = AppIcon;
				CODE_SIGN_STYLE = Automatic;
				DEVELOPMENT_TEAM = R2WA88VZ6Q;
				INFOPLIST_FILE = "#8 Class/Info.plist";
				LD_RUNPATH_SEARCH_PATHS = (
					"$(inherited)",
					"@executable_path/Frameworks",
				);
				PRODUCT_BUNDLE_IDENTIFIER = "com.yuntech.john.-8-Class";
				PRODUCT_NAME = "$(TARGET_NAME)";
				TARGETED_DEVICE_FAMILY = "1,2";
			};
			name = Release;
		};
/* End XCBuildConfiguration section */

/* Begin XCConfigurationList section */
		7CEDAC03240DFD96008779B2 /* Build configuration list for PBXProject "#8 Class" */ = {
			isa = XCConfigurationList;
			buildConfigurations = (
				7CEDAC1F240DFD96008779B2 /* Debug */,
				7CEDAC20240DFD96008779B2 /* Release */,
			);
			defaultConfigurationIsVisible = 0;
			defaultConfigurationName = Release;
		};
		7CEDAC21240DFD96008779B2 /* Build configuration list for PBXNativeTarget "#8 Class" */ = {
			isa = XCConfigurationList;
			buildConfigurations = (
				7CEDAC22240DFD96008779B2 /* Debug */,
				7CEDAC23240DFD96008779B2 /* Release */,
			);
			defaultConfigurationIsVisible = 0;
			defaultConfigurationName = Release;
		};
/* End XCConfigurationList section */
	};
	rootObject = 7CEDAC00240DFD96008779B2 /* Project object */;
}
